{
  "name": "homework1",
  "version": "1.0.0",
  "lockfileVersion": 1,
  "requires": true,
  "dependencies": {
    "statistics": {
      "version": "3.3.0",
      "resolved": "https://registry.npmjs.org/statistics/-/statistics-3.3.0.tgz",
      "integrity": "sha1-7HtHUP8DqySmTdmzV6eDFr6teKo="
    }
  }
}
